
Microsoft Visual Studio Solution File, Format Version 12.00
# Visual Studio 15
VisualStudioVersion = 15.0.28010.2019
MinimumVisualStudioVersion = 10.0.40219.1
Project("{8BC9CEB8-8B4A-11D0-8D11-00A0C91BC942}") = "t2test", "t2test\t2test.vcxproj", "{35CFA3A7-EF6B-4B78-8875-95E61ED0ECA9}"
EndProject
Global
	GlobalSection(SolutionConfigurationPlatforms) = preSolution
		Debug|x64 = Debug|x64
		Debug|x86 = Debug|x86
		Release|x64 = Release|x64
		Release|x86 = Release|x86
	EndGlobalSection
	GlobalSection(ProjectConfigurationPlatforms) = postSolution
		{35CFA3A7-EF6B-4B78-8875-95E61ED0ECA9}.Debug|x64.ActiveCfg = Debug|x64
		{35CFA3A7-EF6B-4B78-8875-95E61ED0ECA9}.Debug|x64.Build.0 = Debug|x64
		{35CFA3A7-EF6B-4B78-8875-95E61ED0ECA9}.Debug|x86.ActiveCfg = Debug|Win32
		{35CFA3A7-EF6B-4B78-8875-95E61ED0ECA9}.Debug|x86.Build.0 = Debug|Win32
		{35CFA3A7-EF6B-4B78-8875-95E61ED0ECA9}.Release|x64.ActiveCfg = Release|x64
		{35CFA3A7-EF6B-4B78-8875-95E61ED0ECA9}.Release|x64.Build.0 = Release|x64
		{35CFA3A7-EF6B-4B78-8875-95E61ED0ECA9}.Release|x86.ActiveCfg = Release|Win32
		{35CFA3A7-EF6B-4B78-8875-95E61ED0ECA9}.Release|x86.Build.0 = Release|Win32
	EndGlobalSection
	GlobalSection(SolutionProperties) = preSolution
		HideSolutionNode = FALSE
	EndGlobalSection
	GlobalSection(ExtensibilityGlobals) = postSolution
		SolutionGuid = {0A849914-C78D-43DF-A998-69E288C31511}
	EndGlobalSection
EndGlobal
